{
  "name": "proofgraph",
  "version": "1.1.0",
  "lockfileVersion": 3,
  "requires": true,
  "packages": {
    "": {
      "name": "proofgraph",
      "version": "1.1.0",
      "license": "MIT",
      "workspaces": [
        "packages/standalone"
      ],
      "bin": {
        "proofgraph": "bin/proofgraph.mjs",
        "proofgraph-mcp": "runtime/mcp/server.mjs"
      },
      "engines": {
        "node": ">=20"
      }
    },
    "node_modules/@proofgraph/standalone": {
      "resolved": "packages/standalone",
      "link": true
    },
    "packages/standalone": {
      "name": "@proofgraph/standalone",
      "version": "5.0.0",
      "license": "MIT",
      "bin": {
        "proofgraph": "bin/proofgraph.mjs",
        "proofgraph-org": "bin/proofgraph-org.mjs",
        "proofgraph-org-mcp": "runtime/mcp/server.mjs",
        "proofgraphd": "bin/proofgraphd.mjs"
      },
      "engines": {
        "node": ">=20"
      }
    }
  }
}
