{
  "name": "@proofgraph/standalone",
  "version": "5.0.0",
  "lockfileVersion": 3,
  "requires": true,
  "packages": {
    "": {
      "name": "@proofgraph/standalone",
      "version": "5.0.0",
      "license": "MIT",
      "bin": {
        "proofgraph": "bin/proofgraph.mjs",
        "proofgraph-org": "bin/proofgraph-org.mjs",
        "proofgraph-org-mcp": "runtime/mcp/server.mjs",
        "proofgraphd": "bin/proofgraphd.mjs"
      },
      "engines": {
        "node": ">=20"
      }
    }
  }
}
